
Microsoft Visual Studio Solution File, Format Version 12.00
# Visual Studio Version 16
VisualStudioVersion = 16.0.30804.86
MinimumVisualStudioVersion = 10.0.40219.1
Project("{FAE04EC0-301F-11D3-BF4B-00C04F79EFBC}") = "WpfDempTimCorey", "WpfDempTimCorey\WpfDempTimCorey.csproj", "{51BD1B27-432D-4D9C-938D-3B415CD7C5AD}"
EndProject
Global
	GlobalSection(SolutionConfigurationPlatforms) = preSolution
		Debug|Any CPU = Debug|Any CPU
		Release|Any CPU = Release|Any CPU
	EndGlobalSection
	GlobalSection(ProjectConfigurationPlatforms) = postSolution
		{51BD1B27-432D-4D9C-938D-3B415CD7C5AD}.Debug|Any CPU.ActiveCfg = Debug|Any CPU
		{51BD1B27-432D-4D9C-938D-3B415CD7C5AD}.Debug|Any CPU.Build.0 = Debug|Any CPU
		{51BD1B27-432D-4D9C-938D-3B415CD7C5AD}.Release|Any CPU.ActiveCfg = Release|Any CPU
		{51BD1B27-432D-4D9C-938D-3B415CD7C5AD}.Release|Any CPU.Build.0 = Release|Any CPU
	EndGlobalSection
	GlobalSection(SolutionProperties) = preSolution
		HideSolutionNode = FALSE
	EndGlobalSection
	GlobalSection(ExtensibilityGlobals) = postSolution
		SolutionGuid = {1304A7EE-6987-4CD3-A52C-ED8B748937D5}
	EndGlobalSection
EndGlobal
